<Solution>
  <Project Path="BTCPayServer.Plugins.LightningManager.E2ETests/BTCPayServer.Plugins.LightningManager.E2ETests.csproj" />
  <Project Path="BTCPayServer.Plugins.LightningManager.Tests/BTCPayServer.Plugins.LightningManager.Tests.csproj" />
  <Project Path="BTCPayServer.Plugins.LightningManager/BTCPayServer.Plugins.LightningManager.csproj" />
</Solution>
