<Solution>
  <Folder Name="/submodules/" />
  <Folder Name="/submodules/btcpayserver/">
    <Project Path="submodules/btcpayserver/BTCPayServer.Abstractions/BTCPayServer.Abstractions.csproj" />
    <Project Path="submodules/btcpayserver/BTCPayServer.Client/BTCPayServer.Client.csproj" />
    <Project Path="submodules/btcpayserver/BTCPayServer.Common/BTCPayServer.Common.csproj" />
    <Project Path="submodules/btcpayserver/BTCPayServer.Data/BTCPayServer.Data.csproj" />
    <Project Path="submodules/btcpayserver/BTCPayServer.Rating/BTCPayServer.Rating.csproj" />
    <Project Path="submodules/btcpayserver/BTCPayServer.Tests/BTCPayServer.Tests.csproj" />
    <Project Path="submodules/btcpayserver/BTCPayServer/BTCPayServer.csproj" />
  </Folder>
  <Project Path="BTCPayServer.Plugins.LightningManager.Tests/BTCPayServer.Plugins.LightningManager.Tests.csproj" />
  <Project Path="BTCPayServer.Plugins.LightningManager/BTCPayServer.Plugins.LightningManager.csproj" />
</Solution>
